
Microsoft Visual Studio Solution File, Format Version 12.00
# Visual Studio Version 17
VisualStudioVersion = 17.0.31903.59
MinimumVisualStudioVersion = 10.0.40219.1
Project("{9A19103F-16F7-4668-BE54-9A1E7A4F7556}") = "MeetMe", "MeetMe\MeetMe.csproj", "{8100C2B3-53F8-4441-8E38-ED1317CF6193}"
EndProject
Global
	GlobalSection(SolutionConfigurationPlatforms) = preSolution
		Debug|Any CPU = Debug|Any CPU
		Release|Any CPU = Release|Any CPU
	EndGlobalSection
	GlobalSection(ProjectConfigurationPlatforms) = postSolution
		{8100C2B3-53F8-4441-8E38-ED1317CF6193}.Debug|Any CPU.ActiveCfg = Debug|Any CPU
		{8100C2B3-53F8-4441-8E38-ED1317CF6193}.Debug|Any CPU.Build.0 = Debug|Any CPU
		{8100C2B3-53F8-4441-8E38-ED1317CF6193}.Release|Any CPU.ActiveCfg = Release|Any CPU
		{8100C2B3-53F8-4441-8E38-ED1317CF6193}.Release|Any CPU.Build.0 = Release|Any CPU
	EndGlobalSection
	GlobalSection(SolutionProperties) = preSolution
		HideSolutionNode = FALSE
	EndGlobalSection
	GlobalSection(ExtensibilityGlobals) = postSolution
		SolutionGuid = {4CE06A94-F6D8-4C61-B8F7-7883A1A6D3A2}
	EndGlobalSection
EndGlobal
